Microsoft Visual Studio Solution File, Format Version 11.00
# Visual Studio 2008

Project("{9EAE1934-6E11-B35D-02EF-35FC202FCAA8}") = "MiniHalloweenJam", "Assembly-CSharp.csproj", "{B13ECA8C-CB7D-DAD4-32E5-332E58ED3BAD}"
EndProject
Global
	GlobalSection(SolutionConfigurationPlatforms) = preSolution
		Debug|Any CPU = Debug|Any CPU
		Release|Any CPU = Release|Any CPU
	EndGlobalSection
	GlobalSection(ProjectConfigurationPlatforms) = postSolution
		{B13ECA8C-CB7D-DAD4-32E5-332E58ED3BAD}.Debug|Any CPU.ActiveCfg = Debug|Any CPU
		{B13ECA8C-CB7D-DAD4-32E5-332E58ED3BAD}.Debug|Any CPU.Build.0 = Debug|Any CPU
		{B13ECA8C-CB7D-DAD4-32E5-332E58ED3BAD}.Release|Any CPU.ActiveCfg = Release|Any CPU
		{B13ECA8C-CB7D-DAD4-32E5-332E58ED3BAD}.Release|Any CPU.Build.0 = Release|Any CPU
	EndGlobalSection
	GlobalSection(SolutionProperties) = preSolution
		HideSolutionNode = FALSE
	EndGlobalSection
						GlobalSection(MonoDevelopProperties) = preSolution
		StartupItem = Assembly-CSharp.csproj
		Policies = $0
		$0.TextStylePolicy = $1
		$1.inheritsSet = null
		$1.scope = text/x-csharp
		$0.CSharpFormattingPolicy = $2
		$2.inheritsSet = Mono
		$2.inheritsScope = text/x-csharp
		$2.scope = text/x-csharp
		$0.TextStylePolicy = $3
		$3.FileWidth = 120
		$3.TabWidth = 4
		$3.EolMarker = Unix
		$3.inheritsSet = Mono
		$3.inheritsScope = text/plain
		$3.scope = text/plain
	EndGlobalSection

EndGlobal
